// !$*UTF8*$!
{
	archiveVersion = 1;
	classes = {
	};
	objectVersion = 48;
	objects = {

/* Begin PBXBuildFile section */
		0D129D5B1FBB4D1F003C6E5E /* MDY.csv in Resources */ = {isa = PBXBuildFile; fileRef = 0D129D501FBB4D1D003C6E5E /* MDY.csv */; };
		0D129D5C1FBB4D1F003C6E5E /* EFA.csv in Resources */ = {isa = PBXBuildFile; fileRef = 0D129D511FBB4D1D003C6E5E /* EFA.csv */; };
		0D129D5D1FBB4D1F003C6E5E /* IWM.csv in Resources */ = {isa = PBXBuildFile; fileRef = 0D129D521FBB4D1D003C6E5E /* IWM.csv */; };
		0D129D5E1FBB4D1F003C6E5E /* QQQ.csv in Resources */ = {isa = PBXBuildFile; fileRef = 0D129D531FBB4D1E003C6E5E /* QQQ.csv */; };
		0D129D5F1FBB4D1F003C6E5E /* EEM.csv in Resources */ = {isa = PBXBuildFile; fileRef = 0D129D541FBB4D1E003C6E5E /* EEM.csv */; };
		0D129D601FBB4D1F003C6E5E /* AAPL.csv in Resources */ = {isa = PBXBuildFile; fileRef = 0D129D551FBB4D1E003C6E5E /* AAPL.csv */; };
		0D129D611FBB4D1F003C6E5E /* SPY.csv in Resources */ = {isa = PBXBuildFile; fileRef = 0D129D561FBB4D1E003C6E5E /* SPY.csv */; };
		0D129D621FBB4D1F003C6E5E /* DIA.csv in Resources */ = {isa = PBXBuildFile; fileRef = 0D129D571FBB4D1E003C6E5E /* DIA.csv */; };
		0D129D631FBB4D1F003C6E5E /* EPP.csv in Resources */ = {isa = PBXBuildFile; fileRef = 0D129D581FBB4D1F003C6E5E /* EPP.csv */; };
		0D129D641FBB4D1F003C6E5E /* IEV.csv in Resources */ = {isa = PBXBuildFile; fileRef = 0D129D591FBB4D1F003C6E5E /* IEV.csv */; };
		0D129D651FBB4D1F003C6E5E /* ILF.csv in Resources */ = {isa = PBXBuildFile; fileRef = 0D129D5A1FBB4D1F003C6E5E /* ILF.csv */; };
		0D47FA931FC0D3F300A1F123 /* SPY2.csv in Resources */ = {isa = PBXBuildFile; fileRef = 0D47FA921FC0D3F300A1F123 /* SPY2.csv */; };
		0D47FA951FC0DE9E00A1F123 /* QQQ2.csv in Resources */ = {isa = PBXBuildFile; fileRef = 0D47FA941FC0DE9E00A1F123 /* QQQ2.csv */; };
		0D5CEC761FB378A400762900 /* PortfolioViewController.swift in Sources */ = {isa = PBXBuildFile; fileRef = 0D5CEC751FB378A400762900 /* PortfolioViewController.swift */; };
		0D6F55711FB0E31E00E0723B /* ShowTrades.swift in Sources */ = {isa = PBXBuildFile; fileRef = 0D6F55701FB0E31E00E0723B /* ShowTrades.swift */; };
		0D771E071FAE5C5E006269DD /* ChartViewController.swift in Sources */ = {isa = PBXBuildFile; fileRef = 0D771E061FAE5C5E006269DD /* ChartViewController.swift */; };
		0D771E0B1FAE627F006269DD /* EURUSD_Daily.txt in Resources */ = {isa = PBXBuildFile; fileRef = 0D771E0A1FAE627F006269DD /* EURUSD_Daily.txt */; };
		0D7B2E801FC3699D004B751C /* ManageViewController.swift in Sources */ = {isa = PBXBuildFile; fileRef = 0D7B2E7F1FC3699D004B751C /* ManageViewController.swift */; };
		0D949CD81FA3B7B600960BA2 /* AppDelegate.swift in Sources */ = {isa = PBXBuildFile; fileRef = 0D949CD71FA3B7B600960BA2 /* AppDelegate.swift */; };
		0D949CDA1FA3B7B600960BA2 /* ScanViewController.swift in Sources */ = {isa = PBXBuildFile; fileRef = 0D949CD91FA3B7B600960BA2 /* ScanViewController.swift */; };
		0D949CDD1FA3B7B600960BA2 /* Main.storyboard in Resources */ = {isa = PBXBuildFile; fileRef = 0D949CDB1FA3B7B600960BA2 /* Main.storyboard */; };
		0D949CDF1FA3B7B600960BA2 /* Assets.xcassets in Resources */ = {isa = PBXBuildFile; fileRef = 0D949CDE1FA3B7B600960BA2 /* Assets.xcassets */; };
		0D949CE21FA3B7B600960BA2 /* LaunchScreen.storyboard in Resources */ = {isa = PBXBuildFile; fileRef = 0D949CE01FA3B7B600960BA2 /* LaunchScreen.storyboard */; };
		0D949CEA1FA3B82500960BA2 /* Data Feed.swift in Sources */ = {isa = PBXBuildFile; fileRef = 0D949CE91FA3B82500960BA2 /* Data Feed.swift */; };
		0D949CEC1FA3BD3000960BA2 /* Prices.swift in Sources */ = {isa = PBXBuildFile; fileRef = 0D949CEB1FA3BD3000960BA2 /* Prices.swift */; };
		0D949CEE1FA3DF9B00960BA2 /* Date Utility.swift in Sources */ = {isa = PBXBuildFile; fileRef = 0D949CED1FA3DF9B00960BA2 /* Date Utility.swift */; };
		0DBE20151FB256F80089FFB2 /* Realm Helpers.swift in Sources */ = {isa = PBXBuildFile; fileRef = 0DBE20141FB256F80089FFB2 /* Realm Helpers.swift */; };
		0DCAAFD71FBC37D200095560 /* Price Temp.swift in Sources */ = {isa = PBXBuildFile; fileRef = 0DCAAFD61FBC37D200095560 /* Price Temp.swift */; };
		0DCAAFD91FBC385100095560 /* SMA.swift in Sources */ = {isa = PBXBuildFile; fileRef = 0DCAAFD81FBC385100095560 /* SMA.swift */; };
		0DCAAFDB1FBC3AF200095560 /* PctR.swift in Sources */ = {isa = PBXBuildFile; fileRef = 0DCAAFDA1FBC3AF200095560 /* PctR.swift */; };
		0DCAAFDD1FBC3E7E00095560 /* Long Entry.swift in Sources */ = {isa = PBXBuildFile; fileRef = 0DCAAFDC1FBC3E7E00095560 /* Long Entry.swift */; };
		0DCAAFE01FBC401600095560 /* Get CSV.swift in Sources */ = {isa = PBXBuildFile; fileRef = 0DCAAFDF1FBC401600095560 /* Get CSV.swift */; };
		0DCAAFE21FBC419400095560 /* ProcessCSV.swift in Sources */ = {isa = PBXBuildFile; fileRef = 0DCAAFE11FBC419400095560 /* ProcessCSV.swift */; };
		0DCF74E91FA90EAB00617803 /* CandidatesVC.swift in Sources */ = {isa = PBXBuildFile; fileRef = 0DCF74E81FA90EAB00617803 /* CandidatesVC.swift */; };
		0DE4D3621FC2193C00C86337 /* Trade Managemnent.swift in Sources */ = {isa = PBXBuildFile; fileRef = 0DE4D3611FC2193C00C86337 /* Trade Managemnent.swift */; };
		0DEFBCC31FA922F700C156B9 /* SCIGenericWrapper.swift in Sources */ = {isa = PBXBuildFile; fileRef = 0DEFBCC21FA922F700C156B9 /* SCIGenericWrapper.swift */; };
		B08A1A7465CB3A9D1D46390C /* Pods_Channel_System.framework in Frameworks */ = {isa = PBXBuildFile; fileRef = DBBA9CC47CBC145BD7F8FEE9 /* Pods_Channel_System.framework */; };
/* End PBXBuildFile section */

/* Begin PBXFileReference section */
		0D129D501FBB4D1D003C6E5E /* MDY.csv */ = {isa = PBXFileReference; fileEncoding = 4; lastKnownFileType = text; path = MDY.csv; sourceTree = "<group>"; };
		0D129D511FBB4D1D003C6E5E /* EFA.csv */ = {isa = PBXFileReference; fileEncoding = 4; lastKnownFileType = text; path = EFA.csv; sourceTree = "<group>"; };
		0D129D521FBB4D1D003C6E5E /* IWM.csv */ = {isa = PBXFileReference; fileEncoding = 4; lastKnownFileType = text; path = IWM.csv; sourceTree = "<group>"; };
		0D129D531FBB4D1E003C6E5E /* QQQ.csv */ = {isa = PBXFileReference; fileEncoding = 4; lastKnownFileType = text; path = QQQ.csv; sourceTree = "<group>"; };
		0D129D541FBB4D1E003C6E5E /* EEM.csv */ = {isa = PBXFileReference; fileEncoding = 4; lastKnownFileType = text; path = EEM.csv; sourceTree = "<group>"; };
		0D129D551FBB4D1E003C6E5E /* AAPL.csv */ = {isa = PBXFileReference; fileEncoding = 4; lastKnownFileType = text; path = AAPL.csv; sourceTree = "<group>"; };
		0D129D561FBB4D1E003C6E5E /* SPY.csv */ = {isa = PBXFileReference; fileEncoding = 4; lastKnownFileType = text; path = SPY.csv; sourceTree = "<group>"; };
		0D129D571FBB4D1E003C6E5E /* DIA.csv */ = {isa = PBXFileReference; fileEncoding = 4; lastKnownFileType = text; path = DIA.csv; sourceTree = "<group>"; };
		0D129D581FBB4D1F003C6E5E /* EPP.csv */ = {isa = PBXFileReference; fileEncoding = 4; lastKnownFileType = text; path = EPP.csv; sourceTree = "<group>"; };
		0D129D591FBB4D1F003C6E5E /* IEV.csv */ = {isa = PBXFileReference; fileEncoding = 4; lastKnownFileType = text; path = IEV.csv; sourceTree = "<group>"; };
		0D129D5A1FBB4D1F003C6E5E /* ILF.csv */ = {isa = PBXFileReference; fileEncoding = 4; lastKnownFileType = text; path = ILF.csv; sourceTree = "<group>"; };
		0D47FA921FC0D3F300A1F123 /* SPY2.csv */ = {isa = PBXFileReference; lastKnownFileType = text; path = SPY2.csv; sourceTree = "<group>"; };
		0D47FA941FC0DE9E00A1F123 /* QQQ2.csv */ = {isa = PBXFileReference; lastKnownFileType = text; path = QQQ2.csv; sourceTree = "<group>"; };
		0D5CEC751FB378A400762900 /* PortfolioViewController.swift */ = {isa = PBXFileReference; lastKnownFileType = sourcecode.swift; path = PortfolioViewController.swift; sourceTree = "<group>"; };
		0D6F55701FB0E31E00E0723B /* ShowTrades.swift */ = {isa = PBXFileReference; lastKnownFileType = sourcecode.swift; path = ShowTrades.swift; sourceTree = "<group>"; };
		0D771E061FAE5C5E006269DD /* ChartViewController.swift */ = {isa = PBXFileReference; lastKnownFileType = sourcecode.swift; path = ChartViewController.swift; sourceTree = "<group>"; };
		0D771E0A1FAE627F006269DD /* EURUSD_Daily.txt */ = {isa = PBXFileReference; fileEncoding = 4; lastKnownFileType = text; path = EURUSD_Daily.txt; sourceTree = "<group>"; };
		0D7B2E7F1FC3699D004B751C /* ManageViewController.swift */ = {isa = PBXFileReference; lastKnownFileType = sourcecode.swift; path = ManageViewController.swift; sourceTree = "<group>"; };
		0D949CD41FA3B7B600960BA2 /* Channel System.app */ = {isa = PBXFileReference; explicitFileType = wrapper.application; includeInIndex = 0; path = "Channel System.app"; sourceTree = BUILT_PRODUCTS_DIR; };
		0D949CD71FA3B7B600960BA2 /* AppDelegate.swift */ = {isa = PBXFileReference; lastKnownFileType = sourcecode.swift; path = AppDelegate.swift; sourceTree = "<group>"; };
		0D949CD91FA3B7B600960BA2 /* ScanViewController.swift */ = {isa = PBXFileReference; lastKnownFileType = sourcecode.swift; path = ScanViewController.swift; sourceTree = "<group>"; };
		0D949CDC1FA3B7B600960BA2 /* Base */ = {isa = PBXFileReference; lastKnownFileType = file.storyboard; name = Base; path = Base.lproj/Main.storyboard; sourceTree = "<group>"; };
		0D949CDE1FA3B7B600960BA2 /* Assets.xcassets */ = {isa = PBXFileReference; lastKnownFileType = folder.assetcatalog; path = Assets.xcassets; sourceTree = "<group>"; };
		0D949CE11FA3B7B600960BA2 /* Base */ = {isa = PBXFileReference; lastKnownFileType = file.storyboard; name = Base; path = Base.lproj/LaunchScreen.storyboard; sourceTree = "<group>"; };
		0D949CE31FA3B7B600960BA2 /* Info.plist */ = {isa = PBXFileReference; lastKnownFileType = text.plist.xml; path = Info.plist; sourceTree = "<group>"; };
		0D949CE91FA3B82500960BA2 /* Data Feed.swift */ = {isa = PBXFileReference; lastKnownFileType = sourcecode.swift; path = "Data Feed.swift"; sourceTree = "<group>"; };
		0D949CEB1FA3BD3000960BA2 /* Prices.swift */ = {isa = PBXFileReference; lastKnownFileType = sourcecode.swift; path = Prices.swift; sourceTree = "<group>"; };
		0D949CED1FA3DF9B00960BA2 /* Date Utility.swift */ = {isa = PBXFileReference; lastKnownFileType = sourcecode.swift; path = "Date Utility.swift"; sourceTree = "<group>"; };
		0DBE20141FB256F80089FFB2 /* Realm Helpers.swift */ = {isa = PBXFileReference; lastKnownFileType = sourcecode.swift; path = "Realm Helpers.swift"; sourceTree = "<group>"; };
		0DCAAFD61FBC37D200095560 /* Price Temp.swift */ = {isa = PBXFileReference; lastKnownFileType = sourcecode.swift; path = "Price Temp.swift"; sourceTree = "<group>"; };
		0DCAAFD81FBC385100095560 /* SMA.swift */ = {isa = PBXFileReference; lastKnownFileType = sourcecode.swift; path = SMA.swift; sourceTree = "<group>"; };
		0DCAAFDA1FBC3AF200095560 /* PctR.swift */ = {isa = PBXFileReference; lastKnownFileType = sourcecode.swift; path = PctR.swift; sourceTree = "<group>"; };
		0DCAAFDC1FBC3E7E00095560 /* Long Entry.swift */ = {isa = PBXFileReference; lastKnownFileType = sourcecode.swift; path = "Long Entry.swift"; sourceTree = "<group>"; };
		0DCAAFDF1FBC401600095560 /* Get CSV.swift */ = {isa = PBXFileReference; lastKnownFileType = sourcecode.swift; path = "Get CSV.swift"; sourceTree = "<group>"; };
		0DCAAFE11FBC419400095560 /* ProcessCSV.swift */ = {isa = PBXFileReference; lastKnownFileType = sourcecode.swift; path = ProcessCSV.swift; sourceTree = "<group>"; };
		0DCF74E81FA90EAB00617803 /* CandidatesVC.swift */ = {isa = PBXFileReference; lastKnownFileType = sourcecode.swift; path = CandidatesVC.swift; sourceTree = "<group>"; };
		0DE4D3611FC2193C00C86337 /* Trade Managemnent.swift */ = {isa = PBXFileReference; lastKnownFileType = sourcecode.swift; path = "Trade Managemnent.swift"; sourceTree = "<group>"; };
		0DEFBCC21FA922F700C156B9 /* SCIGenericWrapper.swift */ = {isa = PBXFileReference; lastKnownFileType = sourcecode.swift; name = SCIGenericWrapper.swift; path = SciChart_iOS_v2.0.0.1640_SDK/SciChart.framework/SwiftUtil/SCIGenericWrapper.swift; sourceTree = "<group>"; };
		9E4281AC1113B753A726175B /* Pods-Channel System.debug.xcconfig */ = {isa = PBXFileReference; includeInIndex = 1; lastKnownFileType = text.xcconfig; name = "Pods-Channel System.debug.xcconfig"; path = "Pods/Target Support Files/Pods-Channel System/Pods-Channel System.debug.xcconfig"; sourceTree = "<group>"; };
		B7BD1E7FA33370B91C2B6AC2 /* Pods-Channel System.release.xcconfig */ = {isa = PBXFileReference; includeInIndex = 1; lastKnownFileType = text.xcconfig; name = "Pods-Channel System.release.xcconfig"; path = "Pods/Target Support Files/Pods-Channel System/Pods-Channel System.release.xcconfig"; sourceTree = "<group>"; };
		DBBA9CC47CBC145BD7F8FEE9 /* Pods_Channel_System.framework */ = {isa = PBXFileReference; explicitFileType = wrapper.framework; includeInIndex = 0; path = Pods_Channel_System.framework; sourceTree = BUILT_PRODUCTS_DIR; };
/* End PBXFileReference section */

/* Begin PBXFrameworksBuildPhase section */
		0D949CD11FA3B7B600960BA2 /* Frameworks */ = {
			isa = PBXFrameworksBuildPhase;
			buildActionMask = 2147483647;
			files = (
				B08A1A7465CB3A9D1D46390C /* Pods_Channel_System.framework in Frameworks */,
			);
			runOnlyForDeploymentPostprocessing = 0;
		};
/* End PBXFrameworksBuildPhase section */

/* Begin PBXGroup section */
		0D129D4F1FBB4CFD003C6E5E /* Historical Data */ = {
			isa = PBXGroup;
			children = (
				0D771E0A1FAE627F006269DD /* EURUSD_Daily.txt */,
				0D129D551FBB4D1E003C6E5E /* AAPL.csv */,
				0D129D571FBB4D1E003C6E5E /* DIA.csv */,
				0D129D541FBB4D1E003C6E5E /* EEM.csv */,
				0D129D511FBB4D1D003C6E5E /* EFA.csv */,
				0D129D581FBB4D1F003C6E5E /* EPP.csv */,
				0D129D591FBB4D1F003C6E5E /* IEV.csv */,
				0D129D5A1FBB4D1F003C6E5E /* ILF.csv */,
				0D129D521FBB4D1D003C6E5E /* IWM.csv */,
				0D129D501FBB4D1D003C6E5E /* MDY.csv */,
				0D129D531FBB4D1E003C6E5E /* QQQ.csv */,
				0D129D561FBB4D1E003C6E5E /* SPY.csv */,
				0D47FA921FC0D3F300A1F123 /* SPY2.csv */,
				0D47FA941FC0DE9E00A1F123 /* QQQ2.csv */,
			);
			path = "Historical Data";
			sourceTree = "<group>";
		};
		0D949CCB1FA3B7B600960BA2 = {
			isa = PBXGroup;
			children = (
				0DEFBCC21FA922F700C156B9 /* SCIGenericWrapper.swift */,
				0D949CD61FA3B7B600960BA2 /* Channel System */,
				0D949CD51FA3B7B600960BA2 /* Products */,
				9544AE71E32ACBD9A2F92DE0 /* Pods */,
				2EABDA4A3F375D4F45B350AB /* Frameworks */,
			);
			sourceTree = "<group>";
		};
		0D949CD51FA3B7B600960BA2 /* Products */ = {
			isa = PBXGroup;
			children = (
				0D949CD41FA3B7B600960BA2 /* Channel System.app */,
			);
			name = Products;
			sourceTree = "<group>";
		};
		0D949CD61FA3B7B600960BA2 /* Channel System */ = {
			isa = PBXGroup;
			children = (
				0D949CDB1FA3B7B600960BA2 /* Main.storyboard */,
				0D949CD91FA3B7B600960BA2 /* ScanViewController.swift */,
				0DCF74E81FA90EAB00617803 /* CandidatesVC.swift */,
				0D771E061FAE5C5E006269DD /* ChartViewController.swift */,
				0D5CEC751FB378A400762900 /* PortfolioViewController.swift */,
				0D7B2E7F1FC3699D004B751C /* ManageViewController.swift */,
				0DEFBCBF1FA912BC00C156B9 /* Model */,
				0D949CDE1FA3B7B600960BA2 /* Assets.xcassets */,
				0D949CE01FA3B7B600960BA2 /* LaunchScreen.storyboard */,
				0D949CD71FA3B7B600960BA2 /* AppDelegate.swift */,
				0D949CE31FA3B7B600960BA2 /* Info.plist */,
			);
			path = "Channel System";
			sourceTree = "<group>";
		};
		0DCAAFDE1FBC3EF600095560 /* Indicators */ = {
			isa = PBXGroup;
			children = (
				0DCAAFD81FBC385100095560 /* SMA.swift */,
				0DCAAFDA1FBC3AF200095560 /* PctR.swift */,
				0DCAAFDC1FBC3E7E00095560 /* Long Entry.swift */,
			);
			path = Indicators;
			sourceTree = "<group>";
		};
		0DEFBCBF1FA912BC00C156B9 /* Model */ = {
			isa = PBXGroup;
			children = (
				0DCAAFD61FBC37D200095560 /* Price Temp.swift */,
				0D949CE91FA3B82500960BA2 /* Data Feed.swift */,
				0DCAAFDF1FBC401600095560 /* Get CSV.swift */,
				0DCAAFE11FBC419400095560 /* ProcessCSV.swift */,
				0DE4D3611FC2193C00C86337 /* Trade Managemnent.swift */,
				0D6F55701FB0E31E00E0723B /* ShowTrades.swift */,
				0D949CED1FA3DF9B00960BA2 /* Date Utility.swift */,
				0D949CEB1FA3BD3000960BA2 /* Prices.swift */,
				0DBE20141FB256F80089FFB2 /* Realm Helpers.swift */,
				0DCAAFDE1FBC3EF600095560 /* Indicators */,
				0D129D4F1FBB4CFD003C6E5E /* Historical Data */,
			);
			path = Model;
			sourceTree = "<group>";
		};
		2EABDA4A3F375D4F45B350AB /* Frameworks */ = {
			isa = PBXGroup;
			children = (
				DBBA9CC47CBC145BD7F8FEE9 /* Pods_Channel_System.framework */,
			);
			name = Frameworks;
			sourceTree = "<group>";
		};
		9544AE71E32ACBD9A2F92DE0 /* Pods */ = {
			isa = PBXGroup;
			children = (
				9E4281AC1113B753A726175B /* Pods-Channel System.debug.xcconfig */,
				B7BD1E7FA33370B91C2B6AC2 /* Pods-Channel System.release.xcconfig */,
			);
			name = Pods;
			sourceTree = "<group>";
		};
/* End PBXGroup section */

/* Begin PBXNativeTarget section */
		0D949CD31FA3B7B600960BA2 /* Channel System */ = {
			isa = PBXNativeTarget;
			buildConfigurationList = 0D949CE61FA3B7B600960BA2 /* Build configuration list for PBXNativeTarget "Channel System" */;
			buildPhases = (
				6C6467DB1AA28216A9937BCA /* [CP] Check Pods Manifest.lock */,
				0D949CD01FA3B7B600960BA2 /* Sources */,
				0D949CD11FA3B7B600960BA2 /* Frameworks */,
				0D949CD21FA3B7B600960BA2 /* Resources */,
				BEB7CCBE8AB21A68925431EF /* [CP] Embed Pods Frameworks */,
				C3E8AC7CE397EC40281CCB8E /* [CP] Copy Pods Resources */,
			);
			buildRules = (
			);
			dependencies = (
			);
			name = "Channel System";
			productName = "Channel System";
			productReference = 0D949CD41FA3B7B600960BA2 /* Channel System.app */;
			productType = "com.apple.product-type.application";
		};
/* End PBXNativeTarget section */

/* Begin PBXProject section */
		0D949CCC1FA3B7B600960BA2 /* Project object */ = {
			isa = PBXProject;
			attributes = {
				LastSwiftUpdateCheck = 0900;
				LastUpgradeCheck = 0900;
				ORGANIZATIONNAME = "Warren Hansen";
				TargetAttributes = {
					0D949CD31FA3B7B600960BA2 = {
						CreatedOnToolsVersion = 9.0.1;
						ProvisioningStyle = Automatic;
					};
				};
			};
			buildConfigurationList = 0D949CCF1FA3B7B600960BA2 /* Build configuration list for PBXProject "Channel System" */;
			compatibilityVersion = "Xcode 8.0";
			developmentRegion = en;
			hasScannedForEncodings = 0;
			knownRegions = (
				en,
				Base,
			);
			mainGroup = 0D949CCB1FA3B7B600960BA2;
			productRefGroup = 0D949CD51FA3B7B600960BA2 /* Products */;
			projectDirPath = "";
			projectRoot = "";
			targets = (
				0D949CD31FA3B7B600960BA2 /* Channel System */,
			);
		};
/* End PBXProject section */

/* Begin PBXResourcesBuildPhase section */
		0D949CD21FA3B7B600960BA2 /* Resources */ = {
			isa = PBXResourcesBuildPhase;
			buildActionMask = 2147483647;
			files = (
				0D47FA931FC0D3F300A1F123 /* SPY2.csv in Resources */,
				0D129D5B1FBB4D1F003C6E5E /* MDY.csv in Resources */,
				0D129D5D1FBB4D1F003C6E5E /* IWM.csv in Resources */,
				0D771E0B1FAE627F006269DD /* EURUSD_Daily.txt in Resources */,
				0D129D621FBB4D1F003C6E5E /* DIA.csv in Resources */,
				0D129D5F1FBB4D1F003C6E5E /* EEM.csv in Resources */,
				0D129D641FBB4D1F003C6E5E /* IEV.csv in Resources */,
				0D949CE21FA3B7B600960BA2 /* LaunchScreen.storyboard in Resources */,
				0D129D611FBB4D1F003C6E5E /* SPY.csv in Resources */,
				0D129D5E1FBB4D1F003C6E5E /* QQQ.csv in Resources */,
				0D129D651FBB4D1F003C6E5E /* ILF.csv in Resources */,
				0D129D5C1FBB4D1F003C6E5E /* EFA.csv in Resources */,
				0D949CDF1FA3B7B600960BA2 /* Assets.xcassets in Resources */,
				0D129D601FBB4D1F003C6E5E /* AAPL.csv in Resources */,
				0D129D631FBB4D1F003C6E5E /* EPP.csv in Resources */,
				0D949CDD1FA3B7B600960BA2 /* Main.storyboard in Resources */,
				0D47FA951FC0DE9E00A1F123 /* QQQ2.csv in Resources */,
			);
			runOnlyForDeploymentPostprocessing = 0;
		};
/* End PBXResourcesBuildPhase section */

/* Begin PBXShellScriptBuildPhase section */
		6C6467DB1AA28216A9937BCA /* [CP] Check Pods Manifest.lock */ = {
			isa = PBXShellScriptBuildPhase;
			buildActionMask = 2147483647;
			files = (
			);
			inputPaths = (
			);
			name = "[CP] Check Pods Manifest.lock";
			outputPaths = (
			);
			runOnlyForDeploymentPostprocessing = 0;
			shellPath = /bin/sh;
			shellScript = "diff \"${PODS_PODFILE_DIR_PATH}/Podfile.lock\" \"${PODS_ROOT}/Manifest.lock\" > /dev/null\nif [ $? != 0 ] ; then\n    # print error to STDERR\n    echo \"error: The sandbox is not in sync with the Podfile.lock. Run 'pod install' or update your CocoaPods installation.\" >&2\n    exit 1\nfi\n";
			showEnvVarsInLog = 0;
		};
		BEB7CCBE8AB21A68925431EF /* [CP] Embed Pods Frameworks */ = {
			isa = PBXShellScriptBuildPhase;
			buildActionMask = 2147483647;
			files = (
			);
			inputPaths = (
			);
			name = "[CP] Embed Pods Frameworks";
			outputPaths = (
			);
			runOnlyForDeploymentPostprocessing = 0;
			shellPath = /bin/sh;
			shellScript = "\"${SRCROOT}/Pods/Target Support Files/Pods-Channel System/Pods-Channel System-frameworks.sh\"\n";
			showEnvVarsInLog = 0;
		};
		C3E8AC7CE397EC40281CCB8E /* [CP] Copy Pods Resources */ = {
			isa = PBXShellScriptBuildPhase;
			buildActionMask = 2147483647;
			files = (
			);
			inputPaths = (
			);
			name = "[CP] Copy Pods Resources";
			outputPaths = (
			);
			runOnlyForDeploymentPostprocessing = 0;
			shellPath = /bin/sh;
			shellScript = "\"${SRCROOT}/Pods/Target Support Files/Pods-Channel System/Pods-Channel System-resources.sh\"\n";
			showEnvVarsInLog = 0;
		};
/* End PBXShellScriptBuildPhase section */

/* Begin PBXSourcesBuildPhase section */
		0D949CD01FA3B7B600960BA2 /* Sources */ = {
			isa = PBXSourcesBuildPhase;
			buildActionMask = 2147483647;
			files = (
				0DCAAFD71FBC37D200095560 /* Price Temp.swift in Sources */,
				0DEFBCC31FA922F700C156B9 /* SCIGenericWrapper.swift in Sources */,
				0D949CDA1FA3B7B600960BA2 /* ScanViewController.swift in Sources */,
				0DCAAFE21FBC419400095560 /* ProcessCSV.swift in Sources */,
				0D949CEE1FA3DF9B00960BA2 /* Date Utility.swift in Sources */,
				0D7B2E801FC3699D004B751C /* ManageViewController.swift in Sources */,
				0DCAAFE01FBC401600095560 /* Get CSV.swift in Sources */,
				0D949CEA1FA3B82500960BA2 /* Data Feed.swift in Sources */,
				0DBE20151FB256F80089FFB2 /* Realm Helpers.swift in Sources */,
				0D771E071FAE5C5E006269DD /* ChartViewController.swift in Sources */,
				0D949CD81FA3B7B600960BA2 /* AppDelegate.swift in Sources */,
				0DCF74E91FA90EAB00617803 /* CandidatesVC.swift in Sources */,
				0DCAAFDD1FBC3E7E00095560 /* Long Entry.swift in Sources */,
				0DCAAFD91FBC385100095560 /* SMA.swift in Sources */,
				0D949CEC1FA3BD3000960BA2 /* Prices.swift in Sources */,
				0D5CEC761FB378A400762900 /* PortfolioViewController.swift in Sources */,
				0DE4D3621FC2193C00C86337 /* Trade Managemnent.swift in Sources */,
				0DCAAFDB1FBC3AF200095560 /* PctR.swift in Sources */,
				0D6F55711FB0E31E00E0723B /* ShowTrades.swift in Sources */,
			);
			runOnlyForDeploymentPostprocessing = 0;
		};
/* End PBXSourcesBuildPhase section */

/* Begin PBXVariantGroup section */
		0D949CDB1FA3B7B600960BA2 /* Main.storyboard */ = {
			isa = PBXVariantGroup;
			children = (
				0D949CDC1FA3B7B600960BA2 /* Base */,
			);
			name = Main.storyboard;
			sourceTree = "<group>";
		};
		0D949CE01FA3B7B600960BA2 /* LaunchScreen.storyboard */ = {
			isa = PBXVariantGroup;
			children = (
				0D949CE11FA3B7B600960BA2 /* Base */,
			);
			name = LaunchScreen.storyboard;
			sourceTree = "<group>";
		};
/* End PBXVariantGroup section */

/* Begin XCBuildConfiguration section */
		0D949CE41FA3B7B600960BA2 /* Debug */ = {
			isa = XCBuildConfiguration;
			buildSettings = {
				ALWAYS_SEARCH_USER_PATHS = NO;
				CLANG_ANALYZER_NONNULL = YES;
				CLANG_ANALYZER_NUMBER_OBJECT_CONVERSION = YES_AGGRESSIVE;
				CLANG_CXX_LANGUAGE_STANDARD = "gnu++14";
				CLANG_CXX_LIBRARY = "libc++";
				CLANG_ENABLE_MODULES = YES;
				CLANG_ENABLE_OBJC_ARC = YES;
				CLANG_WARN_BLOCK_CAPTURE_AUTORELEASING = YES;
				CLANG_WARN_BOOL_CONVERSION = YES;
				CLANG_WARN_COMMA = YES;
				CLANG_WARN_CONSTANT_CONVERSION = YES;
				CLANG_WARN_DIRECT_OBJC_ISA_USAGE = YES_ERROR;
				CLANG_WARN_DOCUMENTATION_COMMENTS = YES;
				CLANG_WARN_EMPTY_BODY = YES;
				CLANG_WARN_ENUM_CONVERSION = YES;
				CLANG_WARN_INFINITE_RECURSION = YES;
				CLANG_WARN_INT_CONVERSION = YES;
				CLANG_WARN_NON_LITERAL_NULL_CONVERSION = YES;
				CLANG_WARN_OBJC_LITERAL_CONVERSION = YES;
				CLANG_WARN_OBJC_ROOT_CLASS = YES_ERROR;
				CLANG_WARN_RANGE_LOOP_ANALYSIS = YES;
				CLANG_WARN_STRICT_PROTOTYPES = YES;
				CLANG_WARN_SUSPICIOUS_MOVE = YES;
				CLANG_WARN_UNGUARDED_AVAILABILITY = YES_AGGRESSIVE;
				CLANG_WARN_UNREACHABLE_CODE = YES;
				CLANG_WARN__DUPLICATE_METHOD_MATCH = YES;
				CODE_SIGN_IDENTITY = "iPhone Developer";
				COPY_PHASE_STRIP = NO;
				DEBUG_INFORMATION_FORMAT = dwarf;
				ENABLE_STRICT_OBJC_MSGSEND = YES;
				ENABLE_TESTABILITY = YES;
				GCC_C_LANGUAGE_STANDARD = gnu11;
				GCC_DYNAMIC_NO_PIC = NO;
				GCC_NO_COMMON_BLOCKS = YES;
				GCC_OPTIMIZATION_LEVEL = 0;
				GCC_PREPROCESSOR_DEFINITIONS = (
					"DEBUG=1",
					"$(inherited)",
				);
				GCC_WARN_64_TO_32_BIT_CONVERSION = YES;
				GCC_WARN_ABOUT_RETURN_TYPE = YES_ERROR;
				GCC_WARN_UNDECLARED_SELECTOR = YES;
				GCC_WARN_UNINITIALIZED_AUTOS = YES_AGGRESSIVE;
				GCC_WARN_UNUSED_FUNCTION = YES;
				GCC_WARN_UNUSED_VARIABLE = YES;
				IPHONEOS_DEPLOYMENT_TARGET = 11.0;
				MTL_ENABLE_DEBUG_INFO = YES;
				ONLY_ACTIVE_ARCH = YES;
				SDKROOT = iphoneos;
				SWIFT_ACTIVE_COMPILATION_CONDITIONS = DEBUG;
				SWIFT_OPTIMIZATION_LEVEL = "-Onone";
			};
			name = Debug;
		};
		0D949CE51FA3B7B600960BA2 /* Release */ = {
			isa = XCBuildConfiguration;
			buildSettings = {
				ALWAYS_SEARCH_USER_PATHS = NO;
				CLANG_ANALYZER_NONNULL = YES;
				CLANG_ANALYZER_NUMBER_OBJECT_CONVERSION = YES_AGGRESSIVE;
				CLANG_CXX_LANGUAGE_STANDARD = "gnu++14";
				CLANG_CXX_LIBRARY = "libc++";
				CLANG_ENABLE_MODULES = YES;
				CLANG_ENABLE_OBJC_ARC = YES;
				CLANG_WARN_BLOCK_CAPTURE_AUTORELEASING = YES;
				CLANG_WARN_BOOL_CONVERSION = YES;
				CLANG_WARN_COMMA = YES;
				CLANG_WARN_CONSTANT_CONVERSION = YES;
				CLANG_WARN_DIRECT_OBJC_ISA_USAGE = YES_ERROR;
				CLANG_WARN_DOCUMENTATION_COMMENTS = YES;
				CLANG_WARN_EMPTY_BODY = YES;
				CLANG_WARN_ENUM_CONVERSION = YES;
				CLANG_WARN_INFINITE_RECURSION = YES;
				CLANG_WARN_INT_CONVERSION = YES;
				CLANG_WARN_NON_LITERAL_NULL_CONVERSION = YES;
				CLANG_WARN_OBJC_LITERAL_CONVERSION = YES;
				CLANG_WARN_OBJC_ROOT_CLASS = YES_ERROR;
				CLANG_WARN_RANGE_LOOP_ANALYSIS = YES;
				CLANG_WARN_STRICT_PROTOTYPES = YES;
				CLANG_WARN_SUSPICIOUS_MOVE = YES;
				CLANG_WARN_UNGUARDED_AVAILABILITY = YES_AGGRESSIVE;
				CLANG_WARN_UNREACHABLE_CODE = YES;
				CLANG_WARN__DUPLICATE_METHOD_MATCH = YES;
				CODE_SIGN_IDENTITY = "iPhone Developer";
				COPY_PHASE_STRIP = NO;
				DEBUG_INFORMATION_FORMAT = "dwarf-with-dsym";
				ENABLE_NS_ASSERTIONS = NO;
				ENABLE_STRICT_OBJC_MSGSEND = YES;
				GCC_C_LANGUAGE_STANDARD = gnu11;
				GCC_NO_COMMON_BLOCKS = YES;
				GCC_WARN_64_TO_32_BIT_CONVERSION = YES;
				GCC_WARN_ABOUT_RETURN_TYPE = YES_ERROR;
				GCC_WARN_UNDECLARED_SELECTOR = YES;
				GCC_WARN_UNINITIALIZED_AUTOS = YES_AGGRESSIVE;
				GCC_WARN_UNUSED_FUNCTION = YES;
				GCC_WARN_UNUSED_VARIABLE = YES;
				IPHONEOS_DEPLOYMENT_TARGET = 11.0;
				MTL_ENABLE_DEBUG_INFO = NO;
				SDKROOT = iphoneos;
				SWIFT_OPTIMIZATION_LEVEL = "-Owholemodule";
				VALIDATE_PRODUCT = YES;
			};
			name = Release;
		};
		0D949CE71FA3B7B600960BA2 /* Debug */ = {
			isa = XCBuildConfiguration;
			baseConfigurationReference = 9E4281AC1113B753A726175B /* Pods-Channel System.debug.xcconfig */;
			buildSettings = {
				ASSETCATALOG_COMPILER_APPICON_NAME = AppIcon;
				CODE_SIGN_STYLE = Automatic;
				DEVELOPMENT_TEAM = 22U4CL887R;
				INFOPLIST_FILE = "Channel System/Info.plist";
				LD_RUNPATH_SEARCH_PATHS = "$(inherited) @executable_path/Frameworks";
				PRODUCT_BUNDLE_IDENTIFIER = "TradeStrat.Channel-System";
				PRODUCT_NAME = "$(TARGET_NAME)";
				SWIFT_VERSION = 4.0;
				TARGETED_DEVICE_FAMILY = "1,2";
			};
			name = Debug;
		};
		0D949CE81FA3B7B600960BA2 /* Release */ = {
			isa = XCBuildConfiguration;
			baseConfigurationReference = B7BD1E7FA33370B91C2B6AC2 /* Pods-Channel System.release.xcconfig */;
			buildSettings = {
				ASSETCATALOG_COMPILER_APPICON_NAME = AppIcon;
				CODE_SIGN_STYLE = Automatic;
				DEVELOPMENT_TEAM = 22U4CL887R;
				INFOPLIST_FILE = "Channel System/Info.plist";
				LD_RUNPATH_SEARCH_PATHS = "$(inherited) @executable_path/Frameworks";
				PRODUCT_BUNDLE_IDENTIFIER = "TradeStrat.Channel-System";
				PRODUCT_NAME = "$(TARGET_NAME)";
				SWIFT_VERSION = 4.0;
				TARGETED_DEVICE_FAMILY = "1,2";
			};
			name = Release;
		};
/* End XCBuildConfiguration section */

/* Begin XCConfigurationList section */
		0D949CCF1FA3B7B600960BA2 /* Build configuration list for PBXProject "Channel System" */ = {
			isa = XCConfigurationList;
			buildConfigurations = (
				0D949CE41FA3B7B600960BA2 /* Debug */,
				0D949CE51FA3B7B600960BA2 /* Release */,
			);
			defaultConfigurationIsVisible = 0;
			defaultConfigurationName = Release;
		};
		0D949CE61FA3B7B600960BA2 /* Build configuration list for PBXNativeTarget "Channel System" */ = {
			isa = XCConfigurationList;
			buildConfigurations = (
				0D949CE71FA3B7B600960BA2 /* Debug */,
				0D949CE81FA3B7B600960BA2 /* Release */,
			);
			defaultConfigurationIsVisible = 0;
			defaultConfigurationName = Release;
		};
/* End XCConfigurationList section */
	};
	rootObject = 0D949CCC1FA3B7B600960BA2 /* Project object */;
}
